
Microsoft Visual Studio Solution File, Format Version 12.00
# Visual Studio Version 17
VisualStudioVersion = 17.6.33829.357
MinimumVisualStudioVersion = 10.0.40219.1
Project("{8BC9CEB8-8B4A-11D0-8D11-00A0C91BC942}") = "01.Technician_And_Their_Work", "01.Technician_And_Their_Work\01.Technician_And_Their_Work.vcxproj", "{6E55DB68-4344-4570-B20A-2F55DD8AF91D}"
EndProject
Project("{8BC9CEB8-8B4A-11D0-8D11-00A0C91BC942}") = "02.Movie", "02.Movie\02.Movie.vcxproj", "{CB92E312-4E81-4034-B515-02881839A22F}"
EndProject
Global
	GlobalSection(SolutionConfigurationPlatforms) = preSolution
		Debug|x64 = Debug|x64
		Debug|x86 = Debug|x86
		Release|x64 = Release|x64
		Release|x86 = Release|x86
	EndGlobalSection
	GlobalSection(ProjectConfigurationPlatforms) = postSolution
		{6E55DB68-4344-4570-B20A-2F55DD8AF91D}.Debug|x64.ActiveCfg = Debug|x64
		{6E55DB68-4344-4570-B20A-2F55DD8AF91D}.Debug|x64.Build.0 = Debug|x64
		{6E55DB68-4344-4570-B20A-2F55DD8AF91D}.Debug|x86.ActiveCfg = Debug|Win32
		{6E55DB68-4344-4570-B20A-2F55DD8AF91D}.Debug|x86.Build.0 = Debug|Win32
		{6E55DB68-4344-4570-B20A-2F55DD8AF91D}.Release|x64.ActiveCfg = Release|x64
		{6E55DB68-4344-4570-B20A-2F55DD8AF91D}.Release|x64.Build.0 = Release|x64
		{6E55DB68-4344-4570-B20A-2F55DD8AF91D}.Release|x86.ActiveCfg = Release|Win32
		{6E55DB68-4344-4570-B20A-2F55DD8AF91D}.Release|x86.Build.0 = Release|Win32
		{CB92E312-4E81-4034-B515-02881839A22F}.Debug|x64.ActiveCfg = Debug|x64
		{CB92E312-4E81-4034-B515-02881839A22F}.Debug|x64.Build.0 = Debug|x64
		{CB92E312-4E81-4034-B515-02881839A22F}.Debug|x86.ActiveCfg = Debug|Win32
		{CB92E312-4E81-4034-B515-02881839A22F}.Debug|x86.Build.0 = Debug|Win32
		{CB92E312-4E81-4034-B515-02881839A22F}.Release|x64.ActiveCfg = Release|x64
		{CB92E312-4E81-4034-B515-02881839A22F}.Release|x64.Build.0 = Release|x64
		{CB92E312-4E81-4034-B515-02881839A22F}.Release|x86.ActiveCfg = Release|Win32
		{CB92E312-4E81-4034-B515-02881839A22F}.Release|x86.Build.0 = Release|Win32
	EndGlobalSection
	GlobalSection(SolutionProperties) = preSolution
		HideSolutionNode = FALSE
	EndGlobalSection
	GlobalSection(ExtensibilityGlobals) = postSolution
		SolutionGuid = {CBD0B388-987D-4E46-8900-994CDDC8CED1}
	EndGlobalSection
EndGlobal
